# This file is automatically @generated by Cargo.
# It is not intended for manual editing.
version = 3

[[package]]
name = "kairo-cli"
version = "0.1.0"

[[package]]
name = "kairo-core"
version = "0.1.0"

[[package]]
name = "kairo-identity"
version = "0.1.0"
dependencies = [
 "kairo-core",
]

[[package]]
name = "kairo-object"
version = "0.1.0"
dependencies = [
 "kairo-core",
]

[[package]]
name = "kairo-statement"
version = "0.1.0"
dependencies = [
 "kairo-core",
]
